
Microsoft Visual Studio Solution File, Format Version 12.00
# Visual Studio 15
VisualStudioVersion = 15.0.27703.2035
MinimumVisualStudioVersion = 10.0.40219.1
Project("{FAE04EC0-301F-11D3-BF4B-00C04F79EFBC}") = "FrontMobileApithon.Droid", "FrontMobileApithon\FrontMobileApithon.Droid\FrontMobileApithon.Droid.csproj", "{13B7AB01-4750-4AB4-BB3F-00A90C22F980}"
EndProject
Project("{FAE04EC0-301F-11D3-BF4B-00C04F79EFBC}") = "FrontMobileApithon.iOS", "FrontMobileApithon\FrontMobileApithon.iOS\FrontMobileApithon.iOS.csproj", "{BDCB38EE-EF0F-487F-8C7B-74296BBEB0C4}"
EndProject
Project("{FAE04EC0-301F-11D3-BF4B-00C04F79EFBC}") = "FrontMobileApithon", "FrontMobileApithon\FrontMobileApithon\FrontMobileApithon.csproj", "{7BE0F561-1F41-4AE5-B0F8-9D0569BE1AAF}"
EndProject
Global
	GlobalSection(SolutionConfigurationPlatforms) = preSolution
		Debug|Any CPU = Debug|Any CPU
		Debug|ARM = Debug|ARM
		Debug|iPhone = Debug|iPhone
		Debug|iPhoneSimulator = Debug|iPhoneSimulator
		Debug|x86 = Debug|x86
		Release|Any CPU = Release|Any CPU
		Release|ARM = Release|ARM
		Release|iPhone = Release|iPhone
		Release|iPhoneSimulator = Release|iPhoneSimulator
		Release|x86 = Release|x86
	EndGlobalSection
	GlobalSection(ProjectConfigurationPlatforms) = postSolution
		{13B7AB01-4750-4AB4-BB3F-00A90C22F980}.Debug|Any CPU.ActiveCfg = Debug|Any CPU
		{13B7AB01-4750-4AB4-BB3F-00A90C22F980}.Debug|Any CPU.Build.0 = Debug|Any CPU
		{13B7AB01-4750-4AB4-BB3F-00A90C22F980}.Debug|Any CPU.Deploy.0 = Debug|Any CPU
		{13B7AB01-4750-4AB4-BB3F-00A90C22F980}.Debug|ARM.ActiveCfg = Debug|Any CPU
		{13B7AB01-4750-4AB4-BB3F-00A90C22F980}.Debug|ARM.Build.0 = Debug|Any CPU
		{13B7AB01-4750-4AB4-BB3F-00A90C22F980}.Debug|ARM.Deploy.0 = Debug|Any CPU
		{13B7AB01-4750-4AB4-BB3F-00A90C22F980}.Debug|iPhone.ActiveCfg = Debug|Any CPU
		{13B7AB01-4750-4AB4-BB3F-00A90C22F980}.Debug|iPhone.Build.0 = Debug|Any CPU
		{13B7AB01-4750-4AB4-BB3F-00A90C22F980}.Debug|iPhone.Deploy.0 = Debug|Any CPU
		{13B7AB01-4750-4AB4-BB3F-00A90C22F980}.Debug|iPhoneSimulator.ActiveCfg = Debug|Any CPU
		{13B7AB01-4750-4AB4-BB3F-00A90C22F980}.Debug|iPhoneSimulator.Build.0 = Debug|Any CPU
		{13B7AB01-4750-4AB4-BB3F-00A90C22F980}.Debug|iPhoneSimulator.Deploy.0 = Debug|Any CPU
		{13B7AB01-4750-4AB4-BB3F-00A90C22F980}.Debug|x86.ActiveCfg = Debug|Any CPU
		{13B7AB01-4750-4AB4-BB3F-00A90C22F980}.Debug|x86.Build.0 = Debug|Any CPU
		{13B7AB01-4750-4AB4-BB3F-00A90C22F980}.Debug|x86.Deploy.0 = Debug|Any CPU
		{13B7AB01-4750-4AB4-BB3F-00A90C22F980}.Release|Any CPU.ActiveCfg = Release|Any CPU
		{13B7AB01-4750-4AB4-BB3F-00A90C22F980}.Release|Any CPU.Build.0 = Release|Any CPU
		{13B7AB01-4750-4AB4-BB3F-00A90C22F980}.Release|Any CPU.Deploy.0 = Release|Any CPU
		{13B7AB01-4750-4AB4-BB3F-00A90C22F980}.Release|ARM.ActiveCfg = Release|Any CPU
		{13B7AB01-4750-4AB4-BB3F-00A90C22F980}.Release|ARM.Build.0 = Release|Any CPU
		{13B7AB01-4750-4AB4-BB3F-00A90C22F980}.Release|ARM.Deploy.0 = Release|Any CPU
		{13B7AB01-4750-4AB4-BB3F-00A90C22F980}.Release|iPhone.ActiveCfg = Release|Any CPU
		{13B7AB01-4750-4AB4-BB3F-00A90C22F980}.Release|iPhone.Build.0 = Release|Any CPU
		{13B7AB01-4750-4AB4-BB3F-00A90C22F980}.Release|iPhone.Deploy.0 = Release|Any CPU
		{13B7AB01-4750-4AB4-BB3F-00A90C22F980}.Release|iPhoneSimulator.ActiveCfg = Release|Any CPU
		{13B7AB01-4750-4AB4-BB3F-00A90C22F980}.Release|iPhoneSimulator.Build.0 = Release|Any CPU
		{13B7AB01-4750-4AB4-BB3F-00A90C22F980}.Release|iPhoneSimulator.Deploy.0 = Release|Any CPU
		{13B7AB01-4750-4AB4-BB3F-00A90C22F980}.Release|x86.ActiveCfg = Release|Any CPU
		{13B7AB01-4750-4AB4-BB3F-00A90C22F980}.Release|x86.Build.0 = Release|Any CPU
		{13B7AB01-4750-4AB4-BB3F-00A90C22F980}.Release|x86.Deploy.0 = Release|Any CPU
		{BDCB38EE-EF0F-487F-8C7B-74296BBEB0C4}.Debug|Any CPU.ActiveCfg = Debug|iPhone
		{BDCB38EE-EF0F-487F-8C7B-74296BBEB0C4}.Debug|ARM.ActiveCfg = Debug|iPhone
		{BDCB38EE-EF0F-487F-8C7B-74296BBEB0C4}.Debug|iPhone.ActiveCfg = Debug|iPhone
		{BDCB38EE-EF0F-487F-8C7B-74296BBEB0C4}.Debug|iPhone.Build.0 = Debug|iPhone
		{BDCB38EE-EF0F-487F-8C7B-74296BBEB0C4}.Debug|iPhoneSimulator.ActiveCfg = Debug|iPhoneSimulator
		{BDCB38EE-EF0F-487F-8C7B-74296BBEB0C4}.Debug|iPhoneSimulator.Build.0 = Debug|iPhoneSimulator
		{BDCB38EE-EF0F-487F-8C7B-74296BBEB0C4}.Debug|x86.ActiveCfg = Debug|iPhone
		{BDCB38EE-EF0F-487F-8C7B-74296BBEB0C4}.Release|Any CPU.ActiveCfg = Release|iPhone
		{BDCB38EE-EF0F-487F-8C7B-74296BBEB0C4}.Release|ARM.ActiveCfg = Release|iPhone
		{BDCB38EE-EF0F-487F-8C7B-74296BBEB0C4}.Release|iPhone.ActiveCfg = Release|iPhone
		{BDCB38EE-EF0F-487F-8C7B-74296BBEB0C4}.Release|iPhone.Build.0 = Release|iPhone
		{BDCB38EE-EF0F-487F-8C7B-74296BBEB0C4}.Release|iPhoneSimulator.ActiveCfg = Release|iPhoneSimulator
		{BDCB38EE-EF0F-487F-8C7B-74296BBEB0C4}.Release|iPhoneSimulator.Build.0 = Release|iPhoneSimulator
		{BDCB38EE-EF0F-487F-8C7B-74296BBEB0C4}.Release|x86.ActiveCfg = Release|iPhone
		{7BE0F561-1F41-4AE5-B0F8-9D0569BE1AAF}.Debug|Any CPU.ActiveCfg = Debug|Any CPU
		{7BE0F561-1F41-4AE5-B0F8-9D0569BE1AAF}.Debug|Any CPU.Build.0 = Debug|Any CPU
		{7BE0F561-1F41-4AE5-B0F8-9D0569BE1AAF}.Debug|ARM.ActiveCfg = Debug|Any CPU
		{7BE0F561-1F41-4AE5-B0F8-9D0569BE1AAF}.Debug|ARM.Build.0 = Debug|Any CPU
		{7BE0F561-1F41-4AE5-B0F8-9D0569BE1AAF}.Debug|iPhone.ActiveCfg = Debug|Any CPU
		{7BE0F561-1F41-4AE5-B0F8-9D0569BE1AAF}.Debug|iPhone.Build.0 = Debug|Any CPU
		{7BE0F561-1F41-4AE5-B0F8-9D0569BE1AAF}.Debug|iPhoneSimulator.ActiveCfg = Debug|Any CPU
		{7BE0F561-1F41-4AE5-B0F8-9D0569BE1AAF}.Debug|iPhoneSimulator.Build.0 = Debug|Any CPU
		{7BE0F561-1F41-4AE5-B0F8-9D0569BE1AAF}.Debug|x86.ActiveCfg = Debug|Any CPU
		{7BE0F561-1F41-4AE5-B0F8-9D0569BE1AAF}.Debug|x86.Build.0 = Debug|Any CPU
		{7BE0F561-1F41-4AE5-B0F8-9D0569BE1AAF}.Release|Any CPU.ActiveCfg = Release|Any CPU
		{7BE0F561-1F41-4AE5-B0F8-9D0569BE1AAF}.Release|Any CPU.Build.0 = Release|Any CPU
		{7BE0F561-1F41-4AE5-B0F8-9D0569BE1AAF}.Release|ARM.ActiveCfg = Release|Any CPU
		{7BE0F561-1F41-4AE5-B0F8-9D0569BE1AAF}.Release|ARM.Build.0 = Release|Any CPU
		{7BE0F561-1F41-4AE5-B0F8-9D0569BE1AAF}.Release|iPhone.ActiveCfg = Release|Any CPU
		{7BE0F561-1F41-4AE5-B0F8-9D0569BE1AAF}.Release|iPhone.Build.0 = Release|Any CPU
		{7BE0F561-1F41-4AE5-B0F8-9D0569BE1AAF}.Release|iPhoneSimulator.ActiveCfg = Release|Any CPU
		{7BE0F561-1F41-4AE5-B0F8-9D0569BE1AAF}.Release|iPhoneSimulator.Build.0 = Release|Any CPU
		{7BE0F561-1F41-4AE5-B0F8-9D0569BE1AAF}.Release|x86.ActiveCfg = Release|Any CPU
		{7BE0F561-1F41-4AE5-B0F8-9D0569BE1AAF}.Release|x86.Build.0 = Release|Any CPU
	EndGlobalSection
	GlobalSection(SolutionProperties) = preSolution
		HideSolutionNode = FALSE
	EndGlobalSection
	GlobalSection(ExtensibilityGlobals) = postSolution
		SolutionGuid = {BE97E732-2C2C-4260-AB8E-9574D068C409}
	EndGlobalSection
EndGlobal
